// !$*UTF8*$!
{
	archiveVersion = 1;
	classes = {
	};
	objectVersion = 46;
	objects = {

/* Begin PBXBuildFile section */
		0F95C6691F631C5F009E3651 /* UIColor+MColor.swift in Sources */ = {isa = PBXBuildFile; fileRef = 0F95C6681F631C5F009E3651 /* UIColor+MColor.swift */; };
		0F95C66B1F632A7D009E3651 /* BackupRestoreVC.swift in Sources */ = {isa = PBXBuildFile; fileRef = 0F95C66A1F632A7D009E3651 /* BackupRestoreVC.swift */; };
		0F95C66D1F632B01009E3651 /* CreateBackupVC.swift in Sources */ = {isa = PBXBuildFile; fileRef = 0F95C66C1F632B01009E3651 /* CreateBackupVC.swift */; };
		0F95C66F1F632B21009E3651 /* RestoreFromXML.swift in Sources */ = {isa = PBXBuildFile; fileRef = 0F95C66E1F632B21009E3651 /* RestoreFromXML.swift */; };
		0F95C6711F64653A009E3651 /* MICheckBox.swift in Sources */ = {isa = PBXBuildFile; fileRef = 0F95C6701F64653A009E3651 /* MICheckBox.swift */; };
		0F95C6741F67167C009E3651 /* CreatePinVC.swift in Sources */ = {isa = PBXBuildFile; fileRef = 0F95C6731F67167C009E3651 /* CreatePinVC.swift */; };
		0F95C6761F6719DD009E3651 /* Validations.swift in Sources */ = {isa = PBXBuildFile; fileRef = 0F95C6751F6719DD009E3651 /* Validations.swift */; };
		0F95C6781F68434D009E3651 /* SignatureVC.swift in Sources */ = {isa = PBXBuildFile; fileRef = 0F95C6771F68434D009E3651 /* SignatureVC.swift */; };
		0F95C67A1F684EA4009E3651 /* FilesMethods.swift in Sources */ = {isa = PBXBuildFile; fileRef = 0F95C6791F684EA4009E3651 /* FilesMethods.swift */; };
		0FAE9B131F6D382500279F1F /* IssueListVC.swift in Sources */ = {isa = PBXBuildFile; fileRef = 0FAE9B121F6D382500279F1F /* IssueListVC.swift */; };
		0FFC219F1F69971000B65D6B /* Sample PDF in Resources */ = {isa = PBXBuildFile; fileRef = 0FFC219E1F69971000B65D6B /* Sample PDF */; };
		0FFC21A11F6998CA00B65D6B /* PDFBuilderManage.swift in Sources */ = {isa = PBXBuildFile; fileRef = 0FFC21A01F6998CA00B65D6B /* PDFBuilderManage.swift */; };
		4D78739BE87F0B03772A1CDC /* Pods_MstrataspotTests.framework in Frameworks */ = {isa = PBXBuildFile; fileRef = EDD18F113F31C6D1ADBAE036 /* Pods_MstrataspotTests.framework */; };
		5D1B1F671F67A5FA005FE69F /* AVFoundation.framework in Frameworks */ = {isa = PBXBuildFile; fileRef = 5D1B1F661F67A5FA005FE69F /* AVFoundation.framework */; };
		5D1B1F691F67A603005FE69F /* QRCodeReader.framework in Frameworks */ = {isa = PBXBuildFile; fileRef = 5D1B1F681F67A603005FE69F /* QRCodeReader.framework */; };
		5D1B1F6B1F67A773005FE69F /* LocationManager.swift in Sources */ = {isa = PBXBuildFile; fileRef = 5D1B1F6A1F67A773005FE69F /* LocationManager.swift */; };
		5D1B1F6E1F67BA5E005FE69F /* DefaultDataManager.swift in Sources */ = {isa = PBXBuildFile; fileRef = 5D1B1F6D1F67BA5E005FE69F /* DefaultDataManager.swift */; };
		5D5F89AE1F5FB651008320CA /* PinSettingVC.swift in Sources */ = {isa = PBXBuildFile; fileRef = 5D5F89AD1F5FB651008320CA /* PinSettingVC.swift */; };
		5D5F89B01F5FBAFB008320CA /* RouteenInspectionSettingsVC.swift in Sources */ = {isa = PBXBuildFile; fileRef = 5D5F89AF1F5FBAFB008320CA /* RouteenInspectionSettingsVC.swift */; };
		5D5F89B21F5FBB6F008320CA /* BuildingVC.swift in Sources */ = {isa = PBXBuildFile; fileRef = 5D5F89B11F5FBB6F008320CA /* BuildingVC.swift */; };
		5D7E2CBD1F626E1E00CC851A /* RestoreFromServerVC.swift in Sources */ = {isa = PBXBuildFile; fileRef = 5D7E2CBC1F626E1E00CC851A /* RestoreFromServerVC.swift */; };
		5D7E2CBF1F626E3A00CC851A /* BackUpVC.swift in Sources */ = {isa = PBXBuildFile; fileRef = 5D7E2CBE1F626E3A00CC851A /* BackUpVC.swift */; };
		5D8F57A61F5E752F0098B13B /* AppDelegate.swift in Sources */ = {isa = PBXBuildFile; fileRef = 5D8F57A51F5E752F0098B13B /* AppDelegate.swift */; };
		5D8F57A81F5E752F0098B13B /* ViewController.swift in Sources */ = {isa = PBXBuildFile; fileRef = 5D8F57A71F5E752F0098B13B /* ViewController.swift */; };
		5D8F57AB1F5E75300098B13B /* Main.storyboard in Resources */ = {isa = PBXBuildFile; fileRef = 5D8F57A91F5E75300098B13B /* Main.storyboard */; };
		5D8F57AE1F5E75310098B13B /* Mstrataspot.xcdatamodeld in Sources */ = {isa = PBXBuildFile; fileRef = 5D8F57AC1F5E75310098B13B /* Mstrataspot.xcdatamodeld */; };
		5D8F57B01F5E75310098B13B /* Assets.xcassets in Resources */ = {isa = PBXBuildFile; fileRef = 5D8F57AF1F5E75310098B13B /* Assets.xcassets */; };
		5D8F57B31F5E75310098B13B /* LaunchScreen.storyboard in Resources */ = {isa = PBXBuildFile; fileRef = 5D8F57B11F5E75310098B13B /* LaunchScreen.storyboard */; };
		5D8F57BE1F5E75320098B13B /* MstrataspotTests.swift in Sources */ = {isa = PBXBuildFile; fileRef = 5D8F57BD1F5E75320098B13B /* MstrataspotTests.swift */; };
		5D8F57C91F5E77720098B13B /* HomeVC.swift in Sources */ = {isa = PBXBuildFile; fileRef = 5D8F57C81F5E77720098B13B /* HomeVC.swift */; };
		5D8F57CB1F5E77880098B13B /* ProjectsVC.swift in Sources */ = {isa = PBXBuildFile; fileRef = 5D8F57CA1F5E77880098B13B /* ProjectsVC.swift */; };
		5D8F57CD1F5E77980098B13B /* Reports.swift in Sources */ = {isa = PBXBuildFile; fileRef = 5D8F57CC1F5E77980098B13B /* Reports.swift */; };
		5D8F57CF1F5E77AB0098B13B /* SettingsVC.swift in Sources */ = {isa = PBXBuildFile; fileRef = 5D8F57CE1F5E77AB0098B13B /* SettingsVC.swift */; };
		5D8F57D41F5E88230098B13B /* Constant.swift in Sources */ = {isa = PBXBuildFile; fileRef = 5D8F57D31F5E88230098B13B /* Constant.swift */; };
		5D8F57D61F5E883F0098B13B /* ConnectionHelper.swift in Sources */ = {isa = PBXBuildFile; fileRef = 5D8F57D51F5E883F0098B13B /* ConnectionHelper.swift */; };
		5D8F57DA1F5E9D570098B13B /* beep-beep.aiff in Resources */ = {isa = PBXBuildFile; fileRef = 5D8F57D91F5E9D570098B13B /* beep-beep.aiff */; };
		5D8F57DC1F5EA6370098B13B /* AboutUsVC.swift in Sources */ = {isa = PBXBuildFile; fileRef = 5D8F57DB1F5EA6370098B13B /* AboutUsVC.swift */; };
		5D8F57DE1F5EA6520098B13B /* EditCompanyInfoVC.swift in Sources */ = {isa = PBXBuildFile; fileRef = 5D8F57DD1F5EA6520098B13B /* EditCompanyInfoVC.swift */; };
		5D8F57E01F5EA66A0098B13B /* MailSettingVC.swift in Sources */ = {isa = PBXBuildFile; fileRef = 5D8F57DF1F5EA66A0098B13B /* MailSettingVC.swift */; };
		5DA23DBA1F69667900EBD388 /* ContactListVC.swift in Sources */ = {isa = PBXBuildFile; fileRef = 5DA23DB91F69667900EBD388 /* ContactListVC.swift */; };
		5DDCE4621F6115E2000D987C /* NewProjectVC.swift in Sources */ = {isa = PBXBuildFile; fileRef = 5DDCE4611F6115E2000D987C /* NewProjectVC.swift */; };
		5DDCE4641F611969000D987C /* IssueVC.swift in Sources */ = {isa = PBXBuildFile; fileRef = 5DDCE4631F611969000D987C /* IssueVC.swift */; };
		5DDCE46B1F61206C000D987C /* IssueListCell.swift in Sources */ = {isa = PBXBuildFile; fileRef = 5DDCE46A1F61206C000D987C /* IssueListCell.swift */; };
		5DDCE46D1F6120D6000D987C /* PeriorityVC.swift in Sources */ = {isa = PBXBuildFile; fileRef = 5DDCE46C1F6120D6000D987C /* PeriorityVC.swift */; };
		5DDCE46F1F612A3F000D987C /* ProjectListCell.swift in Sources */ = {isa = PBXBuildFile; fileRef = 5DDCE46E1F612A3F000D987C /* ProjectListCell.swift */; };
		5DDCE4721F613601000D987C /* ReportsDetailsVC.swift in Sources */ = {isa = PBXBuildFile; fileRef = 5DDCE4711F613601000D987C /* ReportsDetailsVC.swift */; };
		5DDCE4741F614229000D987C /* ReportCell.swift in Sources */ = {isa = PBXBuildFile; fileRef = 5DDCE4731F614229000D987C /* ReportCell.swift */; };
		5DDCE4761F6149C9000D987C /* LevelVC.swift in Sources */ = {isa = PBXBuildFile; fileRef = 5DDCE4751F6149C9000D987C /* LevelVC.swift */; };
		5DDCE4781F614A46000D987C /* BuildingList.swift in Sources */ = {isa = PBXBuildFile; fileRef = 5DDCE4771F614A46000D987C /* BuildingList.swift */; };
		5DDCE47A1F614C20000D987C /* BuildingDetails.swift in Sources */ = {isa = PBXBuildFile; fileRef = 5DDCE4791F614C20000D987C /* BuildingDetails.swift */; };
		5DDCE47C1F614D9D000D987C /* AddArea.swift in Sources */ = {isa = PBXBuildFile; fileRef = 5DDCE47B1F614D9D000D987C /* AddArea.swift */; };
		D0ECB9B23DFC008B84D1750D /* Pods_Mstrataspot.framework in Frameworks */ = {isa = PBXBuildFile; fileRef = 5C161399D6532942B6624185 /* Pods_Mstrataspot.framework */; };
/* End PBXBuildFile section */

/* Begin PBXContainerItemProxy section */
		5D8F57BA1F5E75320098B13B /* PBXContainerItemProxy */ = {
			isa = PBXContainerItemProxy;
			containerPortal = 5D8F579A1F5E752E0098B13B /* Project object */;
			proxyType = 1;
			remoteGlobalIDString = 5D8F57A11F5E752E0098B13B;
			remoteInfo = Mstrataspot;
		};
/* End PBXContainerItemProxy section */

/* Begin PBXFileReference section */
		0F95C6681F631C5F009E3651 /* UIColor+MColor.swift */ = {isa = PBXFileReference; fileEncoding = 4; lastKnownFileType = sourcecode.swift; path = "UIColor+MColor.swift"; sourceTree = "<group>"; };
		0F95C66A1F632A7D009E3651 /* BackupRestoreVC.swift */ = {isa = PBXFileReference; fileEncoding = 4; lastKnownFileType = sourcecode.swift; path = BackupRestoreVC.swift; sourceTree = "<group>"; };
		0F95C66C1F632B01009E3651 /* CreateBackupVC.swift */ = {isa = PBXFileReference; fileEncoding = 4; lastKnownFileType = sourcecode.swift; path = CreateBackupVC.swift; sourceTree = "<group>"; };
		0F95C66E1F632B21009E3651 /* RestoreFromXML.swift */ = {isa = PBXFileReference; fileEncoding = 4; lastKnownFileType = sourcecode.swift; path = RestoreFromXML.swift; sourceTree = "<group>"; };
		0F95C6701F64653A009E3651 /* MICheckBox.swift */ = {isa = PBXFileReference; fileEncoding = 4; lastKnownFileType = sourcecode.swift; path = MICheckBox.swift; sourceTree = "<group>"; };
		0F95C6731F67167C009E3651 /* CreatePinVC.swift */ = {isa = PBXFileReference; fileEncoding = 4; lastKnownFileType = sourcecode.swift; path = CreatePinVC.swift; sourceTree = "<group>"; };
		0F95C6751F6719DD009E3651 /* Validations.swift */ = {isa = PBXFileReference; fileEncoding = 4; lastKnownFileType = sourcecode.swift; path = Validations.swift; sourceTree = "<group>"; };
		0F95C6771F68434D009E3651 /* SignatureVC.swift */ = {isa = PBXFileReference; fileEncoding = 4; lastKnownFileType = sourcecode.swift; path = SignatureVC.swift; sourceTree = "<group>"; };
		0F95C6791F684EA4009E3651 /* FilesMethods.swift */ = {isa = PBXFileReference; fileEncoding = 4; lastKnownFileType = sourcecode.swift; path = FilesMethods.swift; sourceTree = "<group>"; };
		0FAE9B121F6D382500279F1F /* IssueListVC.swift */ = {isa = PBXFileReference; fileEncoding = 4; lastKnownFileType = sourcecode.swift; path = IssueListVC.swift; sourceTree = "<group>"; };
		0FFC219E1F69971000B65D6B /* Sample PDF */ = {isa = PBXFileReference; lastKnownFileType = folder; path = "Sample PDF"; sourceTree = "<group>"; };
		0FFC21A01F6998CA00B65D6B /* PDFBuilderManage.swift */ = {isa = PBXFileReference; fileEncoding = 4; lastKnownFileType = sourcecode.swift; path = PDFBuilderManage.swift; sourceTree = "<group>"; };
		5C161399D6532942B6624185 /* Pods_Mstrataspot.framework */ = {isa = PBXFileReference; explicitFileType = wrapper.framework; includeInIndex = 0; path = Pods_Mstrataspot.framework; sourceTree = BUILT_PRODUCTS_DIR; };
		5D1B1F661F67A5FA005FE69F /* AVFoundation.framework */ = {isa = PBXFileReference; lastKnownFileType = wrapper.framework; name = AVFoundation.framework; path = System/Library/Frameworks/AVFoundation.framework; sourceTree = SDKROOT; };
		5D1B1F681F67A603005FE69F /* QRCodeReader.framework */ = {isa = PBXFileReference; lastKnownFileType = wrapper.framework; name = QRCodeReader.framework; path = "../../../Library/Developer/Xcode/DerivedData/Mstrataspot-azbkgkkqybhjlqglvjhxqecwlupd/Build/Products/Debug-iphonesimulator/QRCodeReader.swift/QRCodeReader.framework"; sourceTree = "<group>"; };
		5D1B1F6A1F67A773005FE69F /* LocationManager.swift */ = {isa = PBXFileReference; fileEncoding = 4; lastKnownFileType = sourcecode.swift; path = LocationManager.swift; sourceTree = "<group>"; };
		5D1B1F6D1F67BA5E005FE69F /* DefaultDataManager.swift */ = {isa = PBXFileReference; fileEncoding = 4; lastKnownFileType = sourcecode.swift; path = DefaultDataManager.swift; sourceTree = "<group>"; };
		5D5F89AD1F5FB651008320CA /* PinSettingVC.swift */ = {isa = PBXFileReference; fileEncoding = 4; lastKnownFileType = sourcecode.swift; path = PinSettingVC.swift; sourceTree = "<group>"; };
		5D5F89AF1F5FBAFB008320CA /* RouteenInspectionSettingsVC.swift */ = {isa = PBXFileReference; fileEncoding = 4; lastKnownFileType = sourcecode.swift; path = RouteenInspectionSettingsVC.swift; sourceTree = "<group>"; };
		5D5F89B11F5FBB6F008320CA /* BuildingVC.swift */ = {isa = PBXFileReference; fileEncoding = 4; lastKnownFileType = sourcecode.swift; path = BuildingVC.swift; sourceTree = "<group>"; };
		5D7E2CBC1F626E1E00CC851A /* RestoreFromServerVC.swift */ = {isa = PBXFileReference; fileEncoding = 4; lastKnownFileType = sourcecode.swift; path = RestoreFromServerVC.swift; sourceTree = "<group>"; };
		5D7E2CBE1F626E3A00CC851A /* BackUpVC.swift */ = {isa = PBXFileReference; fileEncoding = 4; lastKnownFileType = sourcecode.swift; path = BackUpVC.swift; sourceTree = "<group>"; };
		5D8F57A21F5E752F0098B13B /* Mstrataspot.app */ = {isa = PBXFileReference; explicitFileType = wrapper.application; includeInIndex = 0; path = Mstrataspot.app; sourceTree = BUILT_PRODUCTS_DIR; };
		5D8F57A51F5E752F0098B13B /* AppDelegate.swift */ = {isa = PBXFileReference; lastKnownFileType = sourcecode.swift; path = AppDelegate.swift; sourceTree = "<group>"; };
		5D8F57A71F5E752F0098B13B /* ViewController.swift */ = {isa = PBXFileReference; lastKnownFileType = sourcecode.swift; path = ViewController.swift; sourceTree = "<group>"; };
		5D8F57AA1F5E75300098B13B /* Base */ = {isa = PBXFileReference; lastKnownFileType = file.storyboard; name = Base; path = Base.lproj/Main.storyboard; sourceTree = "<group>"; };
		5D8F57AD1F5E75310098B13B /* Mstrataspot.xcdatamodel */ = {isa = PBXFileReference; lastKnownFileType = wrapper.xcdatamodel; path = Mstrataspot.xcdatamodel; sourceTree = "<group>"; };
		5D8F57AF1F5E75310098B13B /* Assets.xcassets */ = {isa = PBXFileReference; lastKnownFileType = folder.assetcatalog; path = Assets.xcassets; sourceTree = "<group>"; };
		5D8F57B21F5E75310098B13B /* Base */ = {isa = PBXFileReference; lastKnownFileType = file.storyboard; name = Base; path = Base.lproj/LaunchScreen.storyboard; sourceTree = "<group>"; };
		5D8F57B41F5E75310098B13B /* Info.plist */ = {isa = PBXFileReference; lastKnownFileType = text.plist.xml; path = Info.plist; sourceTree = "<group>"; };
		5D8F57B91F5E75320098B13B /* MstrataspotTests.xctest */ = {isa = PBXFileReference; explicitFileType = wrapper.cfbundle; includeInIndex = 0; path = MstrataspotTests.xctest; sourceTree = BUILT_PRODUCTS_DIR; };
		5D8F57BD1F5E75320098B13B /* MstrataspotTests.swift */ = {isa = PBXFileReference; lastKnownFileType = sourcecode.swift; path = MstrataspotTests.swift; sourceTree = "<group>"; };
		5D8F57BF1F5E75320098B13B /* Info.plist */ = {isa = PBXFileReference; lastKnownFileType = text.plist.xml; path = Info.plist; sourceTree = "<group>"; };
		5D8F57C81F5E77720098B13B /* HomeVC.swift */ = {isa = PBXFileReference; fileEncoding = 4; lastKnownFileType = sourcecode.swift; path = HomeVC.swift; sourceTree = "<group>"; };
		5D8F57CA1F5E77880098B13B /* ProjectsVC.swift */ = {isa = PBXFileReference; fileEncoding = 4; lastKnownFileType = sourcecode.swift; path = ProjectsVC.swift; sourceTree = "<group>"; };
		5D8F57CC1F5E77980098B13B /* Reports.swift */ = {isa = PBXFileReference; fileEncoding = 4; lastKnownFileType = sourcecode.swift; path = Reports.swift; sourceTree = "<group>"; };
		5D8F57CE1F5E77AB0098B13B /* SettingsVC.swift */ = {isa = PBXFileReference; fileEncoding = 4; lastKnownFileType = sourcecode.swift; path = SettingsVC.swift; sourceTree = "<group>"; };
		5D8F57D31F5E88230098B13B /* Constant.swift */ = {isa = PBXFileReference; fileEncoding = 4; lastKnownFileType = sourcecode.swift; path = Constant.swift; sourceTree = "<group>"; };
		5D8F57D51F5E883F0098B13B /* ConnectionHelper.swift */ = {isa = PBXFileReference; fileEncoding = 4; lastKnownFileType = sourcecode.swift; path = ConnectionHelper.swift; sourceTree = "<group>"; };
		5D8F57D91F5E9D570098B13B /* beep-beep.aiff */ = {isa = PBXFileReference; lastKnownFileType = audio.aiff; path = "beep-beep.aiff"; sourceTree = "<group>"; };
		5D8F57DB1F5EA6370098B13B /* AboutUsVC.swift */ = {isa = PBXFileReference; fileEncoding = 4; lastKnownFileType = sourcecode.swift; path = AboutUsVC.swift; sourceTree = "<group>"; };
		5D8F57DD1F5EA6520098B13B /* EditCompanyInfoVC.swift */ = {isa = PBXFileReference; fileEncoding = 4; lastKnownFileType = sourcecode.swift; path = EditCompanyInfoVC.swift; sourceTree = "<group>"; };
		5D8F57DF1F5EA66A0098B13B /* MailSettingVC.swift */ = {isa = PBXFileReference; fileEncoding = 4; lastKnownFileType = sourcecode.swift; path = MailSettingVC.swift; sourceTree = "<group>"; };
		5DA23DB91F69667900EBD388 /* ContactListVC.swift */ = {isa = PBXFileReference; fileEncoding = 4; lastKnownFileType = sourcecode.swift; path = ContactListVC.swift; sourceTree = "<group>"; };
		5DDCE4611F6115E2000D987C /* NewProjectVC.swift */ = {isa = PBXFileReference; fileEncoding = 4; lastKnownFileType = sourcecode.swift; path = NewProjectVC.swift; sourceTree = "<group>"; };
		5DDCE4631F611969000D987C /* IssueVC.swift */ = {isa = PBXFileReference; fileEncoding = 4; lastKnownFileType = sourcecode.swift; path = IssueVC.swift; sourceTree = "<group>"; };
		5DDCE46A1F61206C000D987C /* IssueListCell.swift */ = {isa = PBXFileReference; fileEncoding = 4; lastKnownFileType = sourcecode.swift; path = IssueListCell.swift; sourceTree = "<group>"; };
		5DDCE46C1F6120D6000D987C /* PeriorityVC.swift */ = {isa = PBXFileReference; fileEncoding = 4; lastKnownFileType = sourcecode.swift; path = PeriorityVC.swift; sourceTree = "<group>"; };
		5DDCE46E1F612A3F000D987C /* ProjectListCell.swift */ = {isa = PBXFileReference; fileEncoding = 4; lastKnownFileType = sourcecode.swift; path = ProjectListCell.swift; sourceTree = "<group>"; };
		5DDCE4711F613601000D987C /* ReportsDetailsVC.swift */ = {isa = PBXFileReference; fileEncoding = 4; lastKnownFileType = sourcecode.swift; path = ReportsDetailsVC.swift; sourceTree = "<group>"; };
		5DDCE4731F614229000D987C /* ReportCell.swift */ = {isa = PBXFileReference; fileEncoding = 4; lastKnownFileType = sourcecode.swift; path = ReportCell.swift; sourceTree = "<group>"; };
		5DDCE4751F6149C9000D987C /* LevelVC.swift */ = {isa = PBXFileReference; fileEncoding = 4; lastKnownFileType = sourcecode.swift; path = LevelVC.swift; sourceTree = "<group>"; };
		5DDCE4771F614A46000D987C /* BuildingList.swift */ = {isa = PBXFileReference; fileEncoding = 4; lastKnownFileType = sourcecode.swift; path = BuildingList.swift; sourceTree = "<group>"; };
		5DDCE4791F614C20000D987C /* BuildingDetails.swift */ = {isa = PBXFileReference; fileEncoding = 4; lastKnownFileType = sourcecode.swift; path = BuildingDetails.swift; sourceTree = "<group>"; };
		5DDCE47B1F614D9D000D987C /* AddArea.swift */ = {isa = PBXFileReference; fileEncoding = 4; lastKnownFileType = sourcecode.swift; path = AddArea.swift; sourceTree = "<group>"; };
		6B8DB6E7872C2F11642BAA5F /* Pods-Mstrataspot.debug.xcconfig */ = {isa = PBXFileReference; includeInIndex = 1; lastKnownFileType = text.xcconfig; name = "Pods-Mstrataspot.debug.xcconfig"; path = "Pods/Target Support Files/Pods-Mstrataspot/Pods-Mstrataspot.debug.xcconfig"; sourceTree = "<group>"; };
		A07A624F0250BC9CB65AA8E3 /* Pods-MstrataspotTests.release.xcconfig */ = {isa = PBXFileReference; includeInIndex = 1; lastKnownFileType = text.xcconfig; name = "Pods-MstrataspotTests.release.xcconfig"; path = "Pods/Target Support Files/Pods-MstrataspotTests/Pods-MstrataspotTests.release.xcconfig"; sourceTree = "<group>"; };
		A26B629C19DEE196C9428D70 /* Pods-Mstrataspot.release.xcconfig */ = {isa = PBXFileReference; includeInIndex = 1; lastKnownFileType = text.xcconfig; name = "Pods-Mstrataspot.release.xcconfig"; path = "Pods/Target Support Files/Pods-Mstrataspot/Pods-Mstrataspot.release.xcconfig"; sourceTree = "<group>"; };
		AA16836003F86493604DC8F2 /* Pods-MstrataspotTests.debug.xcconfig */ = {isa = PBXFileReference; includeInIndex = 1; lastKnownFileType = text.xcconfig; name = "Pods-MstrataspotTests.debug.xcconfig"; path = "Pods/Target Support Files/Pods-MstrataspotTests/Pods-MstrataspotTests.debug.xcconfig"; sourceTree = "<group>"; };
		EDD18F113F31C6D1ADBAE036 /* Pods_MstrataspotTests.framework */ = {isa = PBXFileReference; explicitFileType = wrapper.framework; includeInIndex = 0; path = Pods_MstrataspotTests.framework; sourceTree = BUILT_PRODUCTS_DIR; };
/* End PBXFileReference section */

/* Begin PBXFrameworksBuildPhase section */
		5D8F579F1F5E752E0098B13B /* Frameworks */ = {
			isa = PBXFrameworksBuildPhase;
			buildActionMask = 2147483647;
			files = (
				5D1B1F691F67A603005FE69F /* QRCodeReader.framework in Frameworks */,
				5D1B1F671F67A5FA005FE69F /* AVFoundation.framework in Frameworks */,
				D0ECB9B23DFC008B84D1750D /* Pods_Mstrataspot.framework in Frameworks */,
			);
			runOnlyForDeploymentPostprocessing = 0;
		};
		5D8F57B61F5E75320098B13B /* Frameworks */ = {
			isa = PBXFrameworksBuildPhase;
			buildActionMask = 2147483647;
			files = (
				4D78739BE87F0B03772A1CDC /* Pods_MstrataspotTests.framework in Frameworks */,
			);
			runOnlyForDeploymentPostprocessing = 0;
		};
/* End PBXFrameworksBuildPhase section */

/* Begin PBXGroup section */
		0F95C6721F65AE83009E3651 /* Level */ = {
			isa = PBXGroup;
			children = (
				5D5F89B11F5FBB6F008320CA /* BuildingVC.swift */,
				5DDCE4751F6149C9000D987C /* LevelVC.swift */,
				5DDCE4771F614A46000D987C /* BuildingList.swift */,
				5DDCE4791F614C20000D987C /* BuildingDetails.swift */,
				5DDCE47B1F614D9D000D987C /* AddArea.swift */,
			);
			name = Level;
			sourceTree = "<group>";
		};
		1E9FBEA17EFA42E40BC8DFA2 /* Frameworks */ = {
			isa = PBXGroup;
			children = (
				5D1B1F681F67A603005FE69F /* QRCodeReader.framework */,
				5D1B1F661F67A5FA005FE69F /* AVFoundation.framework */,
				5C161399D6532942B6624185 /* Pods_Mstrataspot.framework */,
				EDD18F113F31C6D1ADBAE036 /* Pods_MstrataspotTests.framework */,
			);
			name = Frameworks;
			sourceTree = "<group>";
		};
		5D8F57991F5E752D0098B13B = {
			isa = PBXGroup;
			children = (
				5D8F57A41F5E752F0098B13B /* Mstrataspot */,
				5D8F57BC1F5E75320098B13B /* MstrataspotTests */,
				5D8F57A31F5E752F0098B13B /* Products */,
				916B9C523969D6249E671406 /* Pods */,
				1E9FBEA17EFA42E40BC8DFA2 /* Frameworks */,
			);
			sourceTree = "<group>";
		};
		5D8F57A31F5E752F0098B13B /* Products */ = {
			isa = PBXGroup;
			children = (
				5D8F57A21F5E752F0098B13B /* Mstrataspot.app */,
				5D8F57B91F5E75320098B13B /* MstrataspotTests.xctest */,
			);
			name = Products;
			sourceTree = "<group>";
		};
		5D8F57A41F5E752F0098B13B /* Mstrataspot */ = {
			isa = PBXGroup;
			children = (
				5DDCE4701F6135DE000D987C /* Reports */,
				5DDCE4681F612039000D987C /* Cell */,
				5DDCE45E1F61152A000D987C /* Projects */,
				0FFC219E1F69971000B65D6B /* Sample PDF */,
				5D8F57D81F5E9CFF0098B13B /* Other Resources */,
				5D8F57D21F5E88080098B13B /* Helper */,
				5D8F57D11F5E87FF0098B13B /* Settings */,
				5D8F57D01F5E87F50098B13B /* Home */,
				5D8F57A51F5E752F0098B13B /* AppDelegate.swift */,
				5D8F57A71F5E752F0098B13B /* ViewController.swift */,
				5D8F57A91F5E75300098B13B /* Main.storyboard */,
				5D8F57AF1F5E75310098B13B /* Assets.xcassets */,
				5D8F57B11F5E75310098B13B /* LaunchScreen.storyboard */,
				5D8F57B41F5E75310098B13B /* Info.plist */,
				5D8F57AC1F5E75310098B13B /* Mstrataspot.xcdatamodeld */,
				5D8F57C81F5E77720098B13B /* HomeVC.swift */,
				5D8F57CA1F5E77880098B13B /* ProjectsVC.swift */,
				5D8F57CC1F5E77980098B13B /* Reports.swift */,
				5D8F57CE1F5E77AB0098B13B /* SettingsVC.swift */,
			);
			path = Mstrataspot;
			sourceTree = "<group>";
		};
		5D8F57BC1F5E75320098B13B /* MstrataspotTests */ = {
			isa = PBXGroup;
			children = (
				5D8F57BD1F5E75320098B13B /* MstrataspotTests.swift */,
				5D8F57BF1F5E75320098B13B /* Info.plist */,
			);
			path = MstrataspotTests;
			sourceTree = "<group>";
		};
		5D8F57D01F5E87F50098B13B /* Home */ = {
			isa = PBXGroup;
			children = (
				0F95C6771F68434D009E3651 /* SignatureVC.swift */,
				5DA23DB91F69667900EBD388 /* ContactListVC.swift */,
			);
			name = Home;
			sourceTree = "<group>";
		};
		5D8F57D11F5E87FF0098B13B /* Settings */ = {
			isa = PBXGroup;
			children = (
				0F95C6721F65AE83009E3651 /* Level */,
				5DDCE4671F611FFC000D987C /* BackUp */,
				5D8F57DB1F5EA6370098B13B /* AboutUsVC.swift */,
				5D8F57DD1F5EA6520098B13B /* EditCompanyInfoVC.swift */,
				5D8F57DF1F5EA66A0098B13B /* MailSettingVC.swift */,
				5D5F89AD1F5FB651008320CA /* PinSettingVC.swift */,
				0F95C6731F67167C009E3651 /* CreatePinVC.swift */,
				5D5F89AF1F5FBAFB008320CA /* RouteenInspectionSettingsVC.swift */,
			);
			name = Settings;
			sourceTree = "<group>";
		};
		5D8F57D21F5E88080098B13B /* Helper */ = {
			isa = PBXGroup;
			children = (
				0F95C6791F684EA4009E3651 /* FilesMethods.swift */,
				5D1B1F6A1F67A773005FE69F /* LocationManager.swift */,
				5D8F57D31F5E88230098B13B /* Constant.swift */,
				5D8F57D51F5E883F0098B13B /* ConnectionHelper.swift */,
				0F95C6681F631C5F009E3651 /* UIColor+MColor.swift */,
				0F95C6701F64653A009E3651 /* MICheckBox.swift */,
				0F95C6751F6719DD009E3651 /* Validations.swift */,
				5D1B1F6D1F67BA5E005FE69F /* DefaultDataManager.swift */,
				0FFC21A01F6998CA00B65D6B /* PDFBuilderManage.swift */,
			);
			name = Helper;
			sourceTree = "<group>";
		};
		5D8F57D81F5E9CFF0098B13B /* Other Resources */ = {
			isa = PBXGroup;
			children = (
				5D8F57D91F5E9D570098B13B /* beep-beep.aiff */,
			);
			name = "Other Resources";
			sourceTree = "<group>";
		};
		5DDCE45E1F61152A000D987C /* Projects */ = {
			isa = PBXGroup;
			children = (
				5DDCE4611F6115E2000D987C /* NewProjectVC.swift */,
				5DDCE4631F611969000D987C /* IssueVC.swift */,
				5DDCE46C1F6120D6000D987C /* PeriorityVC.swift */,
				0FAE9B121F6D382500279F1F /* IssueListVC.swift */,
			);
			name = Projects;
			sourceTree = "<group>";
		};
		5DDCE4671F611FFC000D987C /* BackUp */ = {
			isa = PBXGroup;
			children = (
				5D7E2CBC1F626E1E00CC851A /* RestoreFromServerVC.swift */,
				5D7E2CBE1F626E3A00CC851A /* BackUpVC.swift */,
				0F95C66A1F632A7D009E3651 /* BackupRestoreVC.swift */,
				0F95C66C1F632B01009E3651 /* CreateBackupVC.swift */,
				0F95C66E1F632B21009E3651 /* RestoreFromXML.swift */,
			);
			name = BackUp;
			sourceTree = "<group>";
		};
		5DDCE4681F612039000D987C /* Cell */ = {
			isa = PBXGroup;
			children = (
				5DDCE4691F612043000D987C /* TableCell */,
			);
			name = Cell;
			sourceTree = "<group>";
		};
		5DDCE4691F612043000D987C /* TableCell */ = {
			isa = PBXGroup;
			children = (
				5DDCE46A1F61206C000D987C /* IssueListCell.swift */,
				5DDCE46E1F612A3F000D987C /* ProjectListCell.swift */,
				5DDCE4731F614229000D987C /* ReportCell.swift */,
			);
			name = TableCell;
			sourceTree = "<group>";
		};
		5DDCE4701F6135DE000D987C /* Reports */ = {
			isa = PBXGroup;
			children = (
				5DDCE4711F613601000D987C /* ReportsDetailsVC.swift */,
			);
			name = Reports;
			sourceTree = "<group>";
		};
		916B9C523969D6249E671406 /* Pods */ = {
			isa = PBXGroup;
			children = (
				6B8DB6E7872C2F11642BAA5F /* Pods-Mstrataspot.debug.xcconfig */,
				A26B629C19DEE196C9428D70 /* Pods-Mstrataspot.release.xcconfig */,
				AA16836003F86493604DC8F2 /* Pods-MstrataspotTests.debug.xcconfig */,
				A07A624F0250BC9CB65AA8E3 /* Pods-MstrataspotTests.release.xcconfig */,
			);
			name = Pods;
			sourceTree = "<group>";
		};
/* End PBXGroup section */

/* Begin PBXNativeTarget section */
		5D8F57A11F5E752E0098B13B /* Mstrataspot */ = {
			isa = PBXNativeTarget;
			buildConfigurationList = 5D8F57C21F5E75330098B13B /* Build configuration list for PBXNativeTarget "Mstrataspot" */;
			buildPhases = (
				F7B7F29BC9590563ADBAC8C1 /* [CP] Check Pods Manifest.lock */,
				5D8F579E1F5E752E0098B13B /* Sources */,
				5D8F579F1F5E752E0098B13B /* Frameworks */,
				5D8F57A01F5E752E0098B13B /* Resources */,
				EAD6BCD536ECDD3CF0282AAD /* [CP] Embed Pods Frameworks */,
				D164AD2BE666061B152CD530 /* [CP] Copy Pods Resources */,
			);
			buildRules = (
			);
			dependencies = (
			);
			name = Mstrataspot;
			productName = Mstrataspot;
			productReference = 5D8F57A21F5E752F0098B13B /* Mstrataspot.app */;
			productType = "com.apple.product-type.application";
		};
		5D8F57B81F5E75320098B13B /* MstrataspotTests */ = {
			isa = PBXNativeTarget;
			buildConfigurationList = 5D8F57C51F5E75330098B13B /* Build configuration list for PBXNativeTarget "MstrataspotTests" */;
			buildPhases = (
				D7D243D4C16BEA016270DA2F /* [CP] Check Pods Manifest.lock */,
				5D8F57B51F5E75320098B13B /* Sources */,
				5D8F57B61F5E75320098B13B /* Frameworks */,
				5D8F57B71F5E75320098B13B /* Resources */,
				C5C9BD777AC7783EA4B30431 /* [CP] Embed Pods Frameworks */,
				5D501333D71BAB0C8F6E6605 /* [CP] Copy Pods Resources */,
			);
			buildRules = (
			);
			dependencies = (
				5D8F57BB1F5E75320098B13B /* PBXTargetDependency */,
			);
			name = MstrataspotTests;
			productName = MstrataspotTests;
			productReference = 5D8F57B91F5E75320098B13B /* MstrataspotTests.xctest */;
			productType = "com.apple.product-type.bundle.unit-test";
		};
/* End PBXNativeTarget section */

/* Begin PBXProject section */
		5D8F579A1F5E752E0098B13B /* Project object */ = {
			isa = PBXProject;
			attributes = {
				LastSwiftUpdateCheck = 0830;
				LastUpgradeCheck = 0830;
				ORGANIZATIONNAME = KTechnology;
				TargetAttributes = {
					5D8F57A11F5E752E0098B13B = {
						CreatedOnToolsVersion = 8.3.3;
						DevelopmentTeam = 6RYRJW337K;
						ProvisioningStyle = Automatic;
					};
					5D8F57B81F5E75320098B13B = {
						CreatedOnToolsVersion = 8.3.3;
						ProvisioningStyle = Automatic;
						TestTargetID = 5D8F57A11F5E752E0098B13B;
					};
				};
			};
			buildConfigurationList = 5D8F579D1F5E752E0098B13B /* Build configuration list for PBXProject "Mstrataspot" */;
			compatibilityVersion = "Xcode 3.2";
			developmentRegion = English;
			hasScannedForEncodings = 0;
			knownRegions = (
				en,
				Base,
			);
			mainGroup = 5D8F57991F5E752D0098B13B;
			productRefGroup = 5D8F57A31F5E752F0098B13B /* Products */;
			projectDirPath = "";
			projectRoot = "";
			targets = (
				5D8F57A11F5E752E0098B13B /* Mstrataspot */,
				5D8F57B81F5E75320098B13B /* MstrataspotTests */,
			);
		};
/* End PBXProject section */

/* Begin PBXResourcesBuildPhase section */
		5D8F57A01F5E752E0098B13B /* Resources */ = {
			isa = PBXResourcesBuildPhase;
			buildActionMask = 2147483647;
			files = (
				5D8F57B31F5E75310098B13B /* LaunchScreen.storyboard in Resources */,
				5D8F57B01F5E75310098B13B /* Assets.xcassets in Resources */,
				5D8F57AB1F5E75300098B13B /* Main.storyboard in Resources */,
				0FFC219F1F69971000B65D6B /* Sample PDF in Resources */,
				5D8F57DA1F5E9D570098B13B /* beep-beep.aiff in Resources */,
			);
			runOnlyForDeploymentPostprocessing = 0;
		};
		5D8F57B71F5E75320098B13B /* Resources */ = {
			isa = PBXResourcesBuildPhase;
			buildActionMask = 2147483647;
			files = (
			);
			runOnlyForDeploymentPostprocessing = 0;
		};
/* End PBXResourcesBuildPhase section */

/* Begin PBXShellScriptBuildPhase section */
		5D501333D71BAB0C8F6E6605 /* [CP] Copy Pods Resources */ = {
			isa = PBXShellScriptBuildPhase;
			buildActionMask = 2147483647;
			files = (
			);
			inputPaths = (
			);
			name = "[CP] Copy Pods Resources";
			outputPaths = (
			);
			runOnlyForDeploymentPostprocessing = 0;
			shellPath = /bin/sh;
			shellScript = "\"${SRCROOT}/Pods/Target Support Files/Pods-MstrataspotTests/Pods-MstrataspotTests-resources.sh\"\n";
			showEnvVarsInLog = 0;
		};
		C5C9BD777AC7783EA4B30431 /* [CP] Embed Pods Frameworks */ = {
			isa = PBXShellScriptBuildPhase;
			buildActionMask = 2147483647;
			files = (
			);
			inputPaths = (
			);
			name = "[CP] Embed Pods Frameworks";
			outputPaths = (
			);
			runOnlyForDeploymentPostprocessing = 0;
			shellPath = /bin/sh;
			shellScript = "\"${SRCROOT}/Pods/Target Support Files/Pods-MstrataspotTests/Pods-MstrataspotTests-frameworks.sh\"\n";
			showEnvVarsInLog = 0;
		};
		D164AD2BE666061B152CD530 /* [CP] Copy Pods Resources */ = {
			isa = PBXShellScriptBuildPhase;
			buildActionMask = 2147483647;
			files = (
			);
			inputPaths = (
			);
			name = "[CP] Copy Pods Resources";
			outputPaths = (
			);
			runOnlyForDeploymentPostprocessing = 0;
			shellPath = /bin/sh;
			shellScript = "\"${SRCROOT}/Pods/Target Support Files/Pods-Mstrataspot/Pods-Mstrataspot-resources.sh\"\n";
			showEnvVarsInLog = 0;
		};
		D7D243D4C16BEA016270DA2F /* [CP] Check Pods Manifest.lock */ = {
			isa = PBXShellScriptBuildPhase;
			buildActionMask = 2147483647;
			files = (
			);
			inputPaths = (
				"${PODS_PODFILE_DIR_PATH}/Podfile.lock",
				"${PODS_ROOT}/Manifest.lock",
			);
			name = "[CP] Check Pods Manifest.lock";
			outputPaths = (
				"$(DERIVED_FILE_DIR)/Pods-MstrataspotTests-checkManifestLockResult.txt",
			);
			runOnlyForDeploymentPostprocessing = 0;
			shellPath = /bin/sh;
			shellScript = "diff \"${PODS_PODFILE_DIR_PATH}/Podfile.lock\" \"${PODS_ROOT}/Manifest.lock\" > /dev/null\nif [ $? != 0 ] ; then\n    # print error to STDERR\n    echo \"error: The sandbox is not in sync with the Podfile.lock. Run 'pod install' or update your CocoaPods installation.\" >&2\n    exit 1\nfi\n# This output is used by Xcode 'outputs' to avoid re-running this script phase.\necho \"SUCCESS\" > \"${SCRIPT_OUTPUT_FILE_0}\"\n";
			showEnvVarsInLog = 0;
		};
		EAD6BCD536ECDD3CF0282AAD /* [CP] Embed Pods Frameworks */ = {
			isa = PBXShellScriptBuildPhase;
			buildActionMask = 2147483647;
			files = (
			);
			inputPaths = (
				"${SRCROOT}/Pods/Target Support Files/Pods-Mstrataspot/Pods-Mstrataspot-frameworks.sh",
				"${BUILT_PRODUCTS_DIR}/QRCodeReader.swift/QRCodeReader.framework",
				"${BUILT_PRODUCTS_DIR}/ReachabilitySwift/ReachabilitySwift.framework",
				"${BUILT_PRODUCTS_DIR}/SwiftSignatureView/SwiftSignatureView.framework",
			);
			name = "[CP] Embed Pods Frameworks";
			outputPaths = (
				"${TARGET_BUILD_DIR}/${FRAMEWORKS_FOLDER_PATH}/QRCodeReader.framework",
				"${TARGET_BUILD_DIR}/${FRAMEWORKS_FOLDER_PATH}/ReachabilitySwift.framework",
				"${TARGET_BUILD_DIR}/${FRAMEWORKS_FOLDER_PATH}/SwiftSignatureView.framework",
			);
			runOnlyForDeploymentPostprocessing = 0;
			shellPath = /bin/sh;
			shellScript = "\"${SRCROOT}/Pods/Target Support Files/Pods-Mstrataspot/Pods-Mstrataspot-frameworks.sh\"\n";
			showEnvVarsInLog = 0;
		};
		F7B7F29BC9590563ADBAC8C1 /* [CP] Check Pods Manifest.lock */ = {
			isa = PBXShellScriptBuildPhase;
			buildActionMask = 2147483647;
			files = (
			);
			inputPaths = (
				"${PODS_PODFILE_DIR_PATH}/Podfile.lock",
				"${PODS_ROOT}/Manifest.lock",
			);
			name = "[CP] Check Pods Manifest.lock";
			outputPaths = (
				"$(DERIVED_FILE_DIR)/Pods-Mstrataspot-checkManifestLockResult.txt",
			);
			runOnlyForDeploymentPostprocessing = 0;
			shellPath = /bin/sh;
			shellScript = "diff \"${PODS_PODFILE_DIR_PATH}/Podfile.lock\" \"${PODS_ROOT}/Manifest.lock\" > /dev/null\nif [ $? != 0 ] ; then\n    # print error to STDERR\n    echo \"error: The sandbox is not in sync with the Podfile.lock. Run 'pod install' or update your CocoaPods installation.\" >&2\n    exit 1\nfi\n# This output is used by Xcode 'outputs' to avoid re-running this script phase.\necho \"SUCCESS\" > \"${SCRIPT_OUTPUT_FILE_0}\"\n";
			showEnvVarsInLog = 0;
		};
/* End PBXShellScriptBuildPhase section */

/* Begin PBXSourcesBuildPhase section */
		5D8F579E1F5E752E0098B13B /* Sources */ = {
			isa = PBXSourcesBuildPhase;
			buildActionMask = 2147483647;
			files = (
				5D8F57E01F5EA66A0098B13B /* MailSettingVC.swift in Sources */,
				5DDCE4761F6149C9000D987C /* LevelVC.swift in Sources */,
				5DDCE46F1F612A3F000D987C /* ProjectListCell.swift in Sources */,
				0F95C6741F67167C009E3651 /* CreatePinVC.swift in Sources */,
				5D8F57DE1F5EA6520098B13B /* EditCompanyInfoVC.swift in Sources */,
				0FFC21A11F6998CA00B65D6B /* PDFBuilderManage.swift in Sources */,
				5DDCE4781F614A46000D987C /* BuildingList.swift in Sources */,
				0F95C66F1F632B21009E3651 /* RestoreFromXML.swift in Sources */,
				5D8F57A81F5E752F0098B13B /* ViewController.swift in Sources */,
				5DDCE47C1F614D9D000D987C /* AddArea.swift in Sources */,
				5D8F57C91F5E77720098B13B /* HomeVC.swift in Sources */,
				5DDCE4721F613601000D987C /* ReportsDetailsVC.swift in Sources */,
				5DA23DBA1F69667900EBD388 /* ContactListVC.swift in Sources */,
				5DDCE47A1F614C20000D987C /* BuildingDetails.swift in Sources */,
				0F95C67A1F684EA4009E3651 /* FilesMethods.swift in Sources */,
				5D8F57A61F5E752F0098B13B /* AppDelegate.swift in Sources */,
				5D8F57D41F5E88230098B13B /* Constant.swift in Sources */,
				5D7E2CBD1F626E1E00CC851A /* RestoreFromServerVC.swift in Sources */,
				0F95C6711F64653A009E3651 /* MICheckBox.swift in Sources */,
				5D5F89B01F5FBAFB008320CA /* RouteenInspectionSettingsVC.swift in Sources */,
				5D7E2CBF1F626E3A00CC851A /* BackUpVC.swift in Sources */,
				0F95C66B1F632A7D009E3651 /* BackupRestoreVC.swift in Sources */,
				5D1B1F6E1F67BA5E005FE69F /* DefaultDataManager.swift in Sources */,
				5DDCE46D1F6120D6000D987C /* PeriorityVC.swift in Sources */,
				0F95C66D1F632B01009E3651 /* CreateBackupVC.swift in Sources */,
				0F95C6761F6719DD009E3651 /* Validations.swift in Sources */,
				5DDCE4621F6115E2000D987C /* NewProjectVC.swift in Sources */,
				5D8F57DC1F5EA6370098B13B /* AboutUsVC.swift in Sources */,
				5D8F57CB1F5E77880098B13B /* ProjectsVC.swift in Sources */,
				5DDCE4641F611969000D987C /* IssueVC.swift in Sources */,
				0F95C6691F631C5F009E3651 /* UIColor+MColor.swift in Sources */,
				5DDCE4741F614229000D987C /* ReportCell.swift in Sources */,
				5D8F57AE1F5E75310098B13B /* Mstrataspot.xcdatamodeld in Sources */,
				5D8F57CD1F5E77980098B13B /* Reports.swift in Sources */,
				5D8F57CF1F5E77AB0098B13B /* SettingsVC.swift in Sources */,
				5DDCE46B1F61206C000D987C /* IssueListCell.swift in Sources */,
				5D8F57D61F5E883F0098B13B /* ConnectionHelper.swift in Sources */,
				0F95C6781F68434D009E3651 /* SignatureVC.swift in Sources */,
				0FAE9B131F6D382500279F1F /* IssueListVC.swift in Sources */,
				5D5F89B21F5FBB6F008320CA /* BuildingVC.swift in Sources */,
				5D1B1F6B1F67A773005FE69F /* LocationManager.swift in Sources */,
				5D5F89AE1F5FB651008320CA /* PinSettingVC.swift in Sources */,
			);
			runOnlyForDeploymentPostprocessing = 0;
		};
		5D8F57B51F5E75320098B13B /* Sources */ = {
			isa = PBXSourcesBuildPhase;
			buildActionMask = 2147483647;
			files = (
				5D8F57BE1F5E75320098B13B /* MstrataspotTests.swift in Sources */,
			);
			runOnlyForDeploymentPostprocessing = 0;
		};
/* End PBXSourcesBuildPhase section */

/* Begin PBXTargetDependency section */
		5D8F57BB1F5E75320098B13B /* PBXTargetDependency */ = {
			isa = PBXTargetDependency;
			target = 5D8F57A11F5E752E0098B13B /* Mstrataspot */;
			targetProxy = 5D8F57BA1F5E75320098B13B /* PBXContainerItemProxy */;
		};
/* End PBXTargetDependency section */

/* Begin PBXVariantGroup section */
		5D8F57A91F5E75300098B13B /* Main.storyboard */ = {
			isa = PBXVariantGroup;
			children = (
				5D8F57AA1F5E75300098B13B /* Base */,
			);
			name = Main.storyboard;
			sourceTree = "<group>";
		};
		5D8F57B11F5E75310098B13B /* LaunchScreen.storyboard */ = {
			isa = PBXVariantGroup;
			children = (
				5D8F57B21F5E75310098B13B /* Base */,
			);
			name = LaunchScreen.storyboard;
			sourceTree = "<group>";
		};
/* End PBXVariantGroup section */

/* Begin XCBuildConfiguration section */
		5D8F57C01F5E75330098B13B /* Debug */ = {
			isa = XCBuildConfiguration;
			buildSettings = {
				ALWAYS_SEARCH_USER_PATHS = NO;
				CLANG_ANALYZER_NONNULL = YES;
				CLANG_ANALYZER_NUMBER_OBJECT_CONVERSION = YES_AGGRESSIVE;
				CLANG_CXX_LANGUAGE_STANDARD = "gnu++0x";
				CLANG_CXX_LIBRARY = "libc++";
				CLANG_ENABLE_MODULES = YES;
				CLANG_ENABLE_OBJC_ARC = YES;
				CLANG_WARN_BOOL_CONVERSION = YES;
				CLANG_WARN_CONSTANT_CONVERSION = YES;
				CLANG_WARN_DIRECT_OBJC_ISA_USAGE = YES_ERROR;
				CLANG_WARN_DOCUMENTATION_COMMENTS = YES;
				CLANG_WARN_EMPTY_BODY = YES;
				CLANG_WARN_ENUM_CONVERSION = YES;
				CLANG_WARN_INFINITE_RECURSION = YES;
				CLANG_WARN_INT_CONVERSION = YES;
				CLANG_WARN_OBJC_ROOT_CLASS = YES_ERROR;
				CLANG_WARN_SUSPICIOUS_MOVE = YES;
				CLANG_WARN_UNREACHABLE_CODE = YES;
				CLANG_WARN__DUPLICATE_METHOD_MATCH = YES;
				"CODE_SIGN_IDENTITY[sdk=iphoneos*]" = "iPhone Developer";
				COPY_PHASE_STRIP = NO;
				DEBUG_INFORMATION_FORMAT = dwarf;
				ENABLE_STRICT_OBJC_MSGSEND = YES;
				ENABLE_TESTABILITY = YES;
				GCC_C_LANGUAGE_STANDARD = gnu99;
				GCC_DYNAMIC_NO_PIC = NO;
				GCC_NO_COMMON_BLOCKS = YES;
				GCC_OPTIMIZATION_LEVEL = 0;
				GCC_PREPROCESSOR_DEFINITIONS = (
					"DEBUG=1",
					"$(inherited)",
				);
				GCC_WARN_64_TO_32_BIT_CONVERSION = YES;
				GCC_WARN_ABOUT_RETURN_TYPE = YES_ERROR;
				GCC_WARN_UNDECLARED_SELECTOR = YES;
				GCC_WARN_UNINITIALIZED_AUTOS = YES_AGGRESSIVE;
				GCC_WARN_UNUSED_FUNCTION = YES;
				GCC_WARN_UNUSED_VARIABLE = YES;
				IPHONEOS_DEPLOYMENT_TARGET = 10.3;
				MTL_ENABLE_DEBUG_INFO = YES;
				ONLY_ACTIVE_ARCH = YES;
				SDKROOT = iphoneos;
				SWIFT_ACTIVE_COMPILATION_CONDITIONS = DEBUG;
				SWIFT_OPTIMIZATION_LEVEL = "-Onone";
				TARGETED_DEVICE_FAMILY = "1,2";
			};
			name = Debug;
		};
		5D8F57C11F5E75330098B13B /* Release */ = {
			isa = XCBuildConfiguration;
			buildSettings = {
				ALWAYS_SEARCH_USER_PATHS = NO;
				CLANG_ANALYZER_NONNULL = YES;
				CLANG_ANALYZER_NUMBER_OBJECT_CONVERSION = YES_AGGRESSIVE;
				CLANG_CXX_LANGUAGE_STANDARD = "gnu++0x";
				CLANG_CXX_LIBRARY = "libc++";
				CLANG_ENABLE_MODULES = YES;
				CLANG_ENABLE_OBJC_ARC = YES;
				CLANG_WARN_BOOL_CONVERSION = YES;
				CLANG_WARN_CONSTANT_CONVERSION = YES;
				CLANG_WARN_DIRECT_OBJC_ISA_USAGE = YES_ERROR;
				CLANG_WARN_DOCUMENTATION_COMMENTS = YES;
				CLANG_WARN_EMPTY_BODY = YES;
				CLANG_WARN_ENUM_CONVERSION = YES;
				CLANG_WARN_INFINITE_RECURSION = YES;
				CLANG_WARN_INT_CONVERSION = YES;
				CLANG_WARN_OBJC_ROOT_CLASS = YES_ERROR;
				CLANG_WARN_SUSPICIOUS_MOVE = YES;
				CLANG_WARN_UNREACHABLE_CODE = YES;
				CLANG_WARN__DUPLICATE_METHOD_MATCH = YES;
				"CODE_SIGN_IDENTITY[sdk=iphoneos*]" = "iPhone Developer";
				COPY_PHASE_STRIP = NO;
				DEBUG_INFORMATION_FORMAT = "dwarf-with-dsym";
				ENABLE_NS_ASSERTIONS = NO;
				ENABLE_STRICT_OBJC_MSGSEND = YES;
				GCC_C_LANGUAGE_STANDARD = gnu99;
				GCC_NO_COMMON_BLOCKS = YES;
				GCC_WARN_64_TO_32_BIT_CONVERSION = YES;
				GCC_WARN_ABOUT_RETURN_TYPE = YES_ERROR;
				GCC_WARN_UNDECLARED_SELECTOR = YES;
				GCC_WARN_UNINITIALIZED_AUTOS = YES_AGGRESSIVE;
				GCC_WARN_UNUSED_FUNCTION = YES;
				GCC_WARN_UNUSED_VARIABLE = YES;
				IPHONEOS_DEPLOYMENT_TARGET = 10.3;
				MTL_ENABLE_DEBUG_INFO = NO;
				SDKROOT = iphoneos;
				SWIFT_OPTIMIZATION_LEVEL = "-Owholemodule";
				TARGETED_DEVICE_FAMILY = "1,2";
				VALIDATE_PRODUCT = YES;
			};
			name = Release;
		};
		5D8F57C31F5E75330098B13B /* Debug */ = {
			isa = XCBuildConfiguration;
			baseConfigurationReference = 6B8DB6E7872C2F11642BAA5F /* Pods-Mstrataspot.debug.xcconfig */;
			buildSettings = {
				ASSETCATALOG_COMPILER_APPICON_NAME = AppIcon;
				DEVELOPMENT_TEAM = 6RYRJW337K;
				INFOPLIST_FILE = Mstrataspot/Info.plist;
				IPHONEOS_DEPLOYMENT_TARGET = 10.0;
				LD_RUNPATH_SEARCH_PATHS = "$(inherited) @executable_path/Frameworks";
				PRODUCT_BUNDLE_IDENTIFIER = com.KTech.Mstrataspot;
				PRODUCT_NAME = "$(TARGET_NAME)";
				SWIFT_VERSION = 3.0;
				TARGETED_DEVICE_FAMILY = 1;
			};
			name = Debug;
		};
		5D8F57C41F5E75330098B13B /* Release */ = {
			isa = XCBuildConfiguration;
			baseConfigurationReference = A26B629C19DEE196C9428D70 /* Pods-Mstrataspot.release.xcconfig */;
			buildSettings = {
				ASSETCATALOG_COMPILER_APPICON_NAME = AppIcon;
				DEVELOPMENT_TEAM = 6RYRJW337K;
				INFOPLIST_FILE = Mstrataspot/Info.plist;
				IPHONEOS_DEPLOYMENT_TARGET = 10.0;
				LD_RUNPATH_SEARCH_PATHS = "$(inherited) @executable_path/Frameworks";
				PRODUCT_BUNDLE_IDENTIFIER = com.KTech.Mstrataspot;
				PRODUCT_NAME = "$(TARGET_NAME)";
				SWIFT_VERSION = 3.0;
				TARGETED_DEVICE_FAMILY = 1;
			};
			name = Release;
		};
		5D8F57C61F5E75330098B13B /* Debug */ = {
			isa = XCBuildConfiguration;
			baseConfigurationReference = AA16836003F86493604DC8F2 /* Pods-MstrataspotTests.debug.xcconfig */;
			buildSettings = {
				ALWAYS_EMBED_SWIFT_STANDARD_LIBRARIES = YES;
				BUNDLE_LOADER = "$(TEST_HOST)";
				INFOPLIST_FILE = MstrataspotTests/Info.plist;
				LD_RUNPATH_SEARCH_PATHS = "$(inherited) @executable_path/Frameworks @loader_path/Frameworks";
				PRODUCT_BUNDLE_IDENTIFIER = com.KTech.MstrataspotTests;
				PRODUCT_NAME = "$(TARGET_NAME)";
				SWIFT_VERSION = 3.0;
				TEST_HOST = "$(BUILT_PRODUCTS_DIR)/Mstrataspot.app/Mstrataspot";
			};
			name = Debug;
		};
		5D8F57C71F5E75330098B13B /* Release */ = {
			isa = XCBuildConfiguration;
			baseConfigurationReference = A07A624F0250BC9CB65AA8E3 /* Pods-MstrataspotTests.release.xcconfig */;
			buildSettings = {
				ALWAYS_EMBED_SWIFT_STANDARD_LIBRARIES = YES;
				BUNDLE_LOADER = "$(TEST_HOST)";
				INFOPLIST_FILE = MstrataspotTests/Info.plist;
				LD_RUNPATH_SEARCH_PATHS = "$(inherited) @executable_path/Frameworks @loader_path/Frameworks";
				PRODUCT_BUNDLE_IDENTIFIER = com.KTech.MstrataspotTests;
				PRODUCT_NAME = "$(TARGET_NAME)";
				SWIFT_VERSION = 3.0;
				TEST_HOST = "$(BUILT_PRODUCTS_DIR)/Mstrataspot.app/Mstrataspot";
			};
			name = Release;
		};
/* End XCBuildConfiguration section */

/* Begin XCConfigurationList section */
		5D8F579D1F5E752E0098B13B /* Build configuration list for PBXProject "Mstrataspot" */ = {
			isa = XCConfigurationList;
			buildConfigurations = (
				5D8F57C01F5E75330098B13B /* Debug */,
				5D8F57C11F5E75330098B13B /* Release */,
			);
			defaultConfigurationIsVisible = 0;
			defaultConfigurationName = Release;
		};
		5D8F57C21F5E75330098B13B /* Build configuration list for PBXNativeTarget "Mstrataspot" */ = {
			isa = XCConfigurationList;
			buildConfigurations = (
				5D8F57C31F5E75330098B13B /* Debug */,
				5D8F57C41F5E75330098B13B /* Release */,
			);
			defaultConfigurationIsVisible = 0;
			defaultConfigurationName = Release;
		};
		5D8F57C51F5E75330098B13B /* Build configuration list for PBXNativeTarget "MstrataspotTests" */ = {
			isa = XCConfigurationList;
			buildConfigurations = (
				5D8F57C61F5E75330098B13B /* Debug */,
				5D8F57C71F5E75330098B13B /* Release */,
			);
			defaultConfigurationIsVisible = 0;
			defaultConfigurationName = Release;
		};
/* End XCConfigurationList section */

/* Begin XCVersionGroup section */
		5D8F57AC1F5E75310098B13B /* Mstrataspot.xcdatamodeld */ = {
			isa = XCVersionGroup;
			children = (
				5D8F57AD1F5E75310098B13B /* Mstrataspot.xcdatamodel */,
			);
			currentVersion = 5D8F57AD1F5E75310098B13B /* Mstrataspot.xcdatamodel */;
			path = Mstrataspot.xcdatamodeld;
			sourceTree = "<group>";
			versionGroupType = wrapper.xcdatamodel;
		};
/* End XCVersionGroup section */
	};
	rootObject = 5D8F579A1F5E752E0098B13B /* Project object */;
}
